# THIS IS AN AUTOGENERATED FILE. DO NOT EDIT THIS FILE DIRECTLY.
# yarn lockfile v1


ansi-font@0.0.2:
  version "0.0.2"
  resolved "https://registry.yarnpkg.com/ansi-font/-/ansi-font-0.0.2.tgz#890301bd5841462fd39c0b7709afd1f525143331"

ansi-regex@2:
  version "2.1.1"
  resolved "https://registry.yarnpkg.com/ansi-regex/-/ansi-regex-2.1.1.tgz#c3b33ab5ee360d86e0e628f0468ae7ef27d654df"

balanced-match@^0.4.1:
  version "0.4.2"
  resolved "https://registry.yarnpkg.com/balanced-match/-/balanced-match-0.4.2.tgz#cb3f3e3c732dc0f01ee70b403f302e61d7709838"

brace-expansion@^1.0.0:
  version "1.1.6"
  resolved "https://registry.yarnpkg.com/brace-expansion/-/brace-expansion-1.1.6.tgz#7197d7eaa9b87e648390ea61fc66c84427420df9"
  dependencies:
    balanced-match "^0.4.1"
    concat-map "0.0.1"

cli-color@~0.3.2:
  version "0.3.3"
  resolved "https://registry.yarnpkg.com/cli-color/-/cli-color-0.3.3.tgz#12d5bdd158ff8a0b0db401198913c03df069f6f5"
  dependencies:
    d "~0.1.1"
    es5-ext "~0.10.6"
    memoizee "~0.3.8"
    timers-ext "0.1"

cli-color@~1.1:
  version "1.1.0"
  resolved "https://registry.yarnpkg.com/cli-color/-/cli-color-1.1.0.tgz#de188cdc4929d83b67aea04110fbed40fdbf6775"
  dependencies:
    ansi-regex "2"
    d "^0.1.1"
    es5-ext "^0.10.8"
    es6-iterator "2"
    memoizee "^0.3.9"
    timers-ext "0.1"

concat-map@0.0.1:
  version "0.0.1"
  resolved "https://registry.yarnpkg.com/concat-map/-/concat-map-0.0.1.tgz#d8a96bd77fd68df7793a73036a3ba0d5405d477b"

d@1:
  version "1.0.0"
  resolved "https://registry.yarnpkg.com/d/-/d-1.0.0.tgz#754bb5bfe55451da69a58b94d45f4c5b0462d58f"
  dependencies:
    es5-ext "^0.10.9"

d@^0.1.1, d@~0.1.1:
  version "0.1.1"
  resolved "https://registry.yarnpkg.com/d/-/d-0.1.1.tgz#da184c535d18d8ee7ba2aa229b914009fae11309"
  dependencies:
    es5-ext "~0.10.2"

deferred@~0.7.2, deferred@~0.7.5, deferred@~0.7.6:
  version "0.7.6"
  resolved "https://registry.yarnpkg.com/deferred/-/deferred-0.7.6.tgz#9fd46d3d3d93dd7ec3d8561460dc7e403c1042c4"
  dependencies:
    d "1"
    es5-ext "~0.10.14"
    event-emitter "~0.3.5"
    next-tick "1"
    timers-ext "~0.1.1"

duration@0.2:
  version "0.2.0"
  resolved "https://registry.yarnpkg.com/duration/-/duration-0.2.0.tgz#5f9c4dfaafff655de986112efe25c5978dd85146"
  dependencies:
    d "~0.1.1"
    es5-ext "~0.10.2"

es5-ext@^0.10.14, es5-ext@^0.10.8, es5-ext@^0.10.9, es5-ext@~0.10.11, es5-ext@~0.10.12, es5-ext@~0.10.14, es5-ext@~0.10.2, es5-ext@~0.10.4, es5-ext@~0.10.5, es5-ext@~0.10.6:
  version "0.10.15"
  resolved "https://registry.yarnpkg.com/es5-ext/-/es5-ext-0.10.15.tgz#c330a5934c1ee21284a7c081a86e5fd937c91ea6"
  dependencies:
    es6-iterator "2"
    es6-symbol "~3.1"

es6-iterator@2:
  version "2.0.1"
  resolved "https://registry.yarnpkg.com/es6-iterator/-/es6-iterator-2.0.1.tgz#8e319c9f0453bf575d374940a655920e59ca5512"
  dependencies:
    d "1"
    es5-ext "^0.10.14"
    es6-symbol "^3.1"

es6-iterator@~0.1.3:
  version "0.1.3"
  resolved "https://registry.yarnpkg.com/es6-iterator/-/es6-iterator-0.1.3.tgz#d6f58b8c4fc413c249b4baa19768f8e4d7c8944e"
  dependencies:
    d "~0.1.1"
    es5-ext "~0.10.5"
    es6-symbol "~2.0.1"

es6-symbol@^3.1, es6-symbol@~3.1:
  version "3.1.1"
  resolved "https://registry.yarnpkg.com/es6-symbol/-/es6-symbol-3.1.1.tgz#bf00ef4fdab6ba1b46ecb7b629b4c7ed5715cc77"
  dependencies:
    d "1"
    es5-ext "~0.10.14"

es6-symbol@~2.0.1:
  version "2.0.1"
  resolved "https://registry.yarnpkg.com/es6-symbol/-/es6-symbol-2.0.1.tgz#761b5c67cfd4f1d18afb234f691d678682cb3bf3"
  dependencies:
    d "~0.1.1"
    es5-ext "~0.10.5"

es6-weak-map@~0.1.4:
  version "0.1.4"
  resolved "https://registry.yarnpkg.com/es6-weak-map/-/es6-weak-map-0.1.4.tgz#706cef9e99aa236ba7766c239c8b9e286ea7d228"
  dependencies:
    d "~0.1.1"
    es5-ext "~0.10.6"
    es6-iterator "~0.1.3"
    es6-symbol "~2.0.1"

event-emitter@~0.3.1, event-emitter@~0.3.4, event-emitter@~0.3.5:
  version "0.3.5"
  resolved "https://registry.yarnpkg.com/event-emitter/-/event-emitter-0.3.5.tgz#df8c69eef1647923c7157b9ce83840610b02cc39"
  dependencies:
    d "1"
    es5-ext "~0.10.14"

fs2@~0.2.1, fs2@~0.2.3:
  version "0.2.4"
  resolved "https://registry.yarnpkg.com/fs2/-/fs2-0.2.4.tgz#3d69e28bb7dfa6942695e7adc99613c2975ccf59"
  dependencies:
    d "1"
    deferred "~0.7.6"
    es5-ext "~0.10.14"
    event-emitter "~0.3.5"
    memoizee "~0.3.9"
    minimatch "~2.0.10"

lru-queue@0.1:
  version "0.1.0"
  resolved "https://registry.yarnpkg.com/lru-queue/-/lru-queue-0.1.0.tgz#2738bd9f0d3cf4f84490c5736c48699ac632cda3"
  dependencies:
    es5-ext "~0.10.2"

memoizee@^0.3.9, memoizee@~0.3.8, memoizee@~0.3.9:
  version "0.3.10"
  resolved "https://registry.yarnpkg.com/memoizee/-/memoizee-0.3.10.tgz#4eca0d8aed39ec9d017f4c5c2f2f6432f42e5c8f"
  dependencies:
    d "~0.1.1"
    es5-ext "~0.10.11"
    es6-weak-map "~0.1.4"
    event-emitter "~0.3.4"
    lru-queue "0.1"
    next-tick "~0.2.2"
    timers-ext "0.1"

microtime-nodejs@^1.0.0:
  version "1.0.0"
  resolved "https://registry.yarnpkg.com/microtime-nodejs/-/microtime-nodejs-1.0.0.tgz#8859404af2e2a462a15c9cd6bf2c4e468dabdbe8"

minimatch@~2.0.10:
  version "2.0.10"
  resolved "https://registry.yarnpkg.com/minimatch/-/minimatch-2.0.10.tgz#8d087c39c6b38c001b97fca7ce6d0e1e80afbac7"
  dependencies:
    brace-expansion "^1.0.0"

minimist@~0.0.1:
  version "0.0.10"
  resolved "https://registry.yarnpkg.com/minimist/-/minimist-0.0.10.tgz#de3f98543dbf96082be48ad1a0c7cda836301dcf"

next-tick@1:
  version "1.0.0"
  resolved "https://registry.yarnpkg.com/next-tick/-/next-tick-1.0.0.tgz#ca86d1fe8828169b0120208e3dc8424b9db8342c"

next-tick@~0.2.2:
  version "0.2.2"
  resolved "https://registry.yarnpkg.com/next-tick/-/next-tick-0.2.2.tgz#75da4a927ee5887e39065880065b7336413b310d"

next@0.4, next@~0.4.1:
  version "0.4.1"
  resolved "https://registry.yarnpkg.com/next/-/next-0.4.1.tgz#2dde7da7250d80c447b4fef9ddbb0af67d2aa561"
  dependencies:
    deferred "~0.7.5"
    es5-ext "~0.10.11"
    memoizee "~0.3.9"

optimist@0.3:
  version "0.3.7"
  resolved "https://registry.yarnpkg.com/optimist/-/optimist-0.3.7.tgz#c90941ad59e4273328923074d2cf2e7cbc6ec0d9"
  dependencies:
    wordwrap "~0.0.2"

optimist@~0.6.1:
  version "0.6.1"
  resolved "https://registry.yarnpkg.com/optimist/-/optimist-0.6.1.tgz#da3ea74686fa21a19a111c326e90eb15a0196686"
  dependencies:
    minimist "~0.0.1"
    wordwrap "~0.0.2"

path2@0.1:
  version "0.1.0"
  resolved "https://registry.yarnpkg.com/path2/-/path2-0.1.0.tgz#639828942cdbda44a41a45b074ae8873483b4efa"

tad@^0.2.2:
  version "0.2.7"
  resolved "https://registry.yarnpkg.com/tad/-/tad-0.2.7.tgz#0ac248c3b8d435e2e43bccd97c1ebed7cb6fb666"
  dependencies:
    cli-color "~1.1"
    d "~0.1.1"
    deferred "~0.7.5"
    duration "0.2"
    es5-ext "~0.10.12"
    event-emitter "~0.3.4"
    fs2 "~0.2.3"
    next "~0.4.1"
    optimist "~0.6.1"
    path2 "0.1"
    test "0.6"

test@0.6:
  version "0.6.0"
  resolved "https://registry.yarnpkg.com/test/-/test-0.6.0.tgz#5986ac445ec17754322512d104ba32c8a63e938e"
  dependencies:
    ansi-font "0.0.2"

timers-ext@0.1, timers-ext@~0.1.1:
  version "0.1.1"
  resolved "https://registry.yarnpkg.com/timers-ext/-/timers-ext-0.1.1.tgz#d6422f1ebd67772355f46c93f25e3933992c8b08"
  dependencies:
    es5-ext "~0.10.14"
    next-tick "1"

wordwrap@~0.0.2:
  version "0.0.3"
  resolved "https://registry.yarnpkg.com/wordwrap/-/wordwrap-0.0.3.tgz#a3d5da6cd5c0bc0008d37234bbaf1bed63059107"

xlint-jslint-medikoo@^0.1.3:
  version "0.1.4"
  resolved "https://registry.yarnpkg.com/xlint-jslint-medikoo/-/xlint-jslint-medikoo-0.1.4.tgz#16be448f197b52dc8b834842b5c2431fc002b182"
  dependencies:
    xlint-jslint "0.1"

xlint-jslint@0.1:
  version "0.1.0"
  resolved "https://registry.yarnpkg.com/xlint-jslint/-/xlint-jslint-0.1.0.tgz#27b150a0400884b54f902fcd0f078b8647c0a388"
  dependencies:
    es5-ext "~0.10.2"

xlint@^0.2.2:
  version "0.2.2"
  resolved "https://registry.yarnpkg.com/xlint/-/xlint-0.2.2.tgz#33c38afa69f288ce5d4575ec0ec35bf1837e4f45"
  dependencies:
    cli-color "~0.3.2"
    d "~0.1.1"
    deferred "~0.7.2"
    es5-ext "~0.10.4"
    event-emitter "~0.3.1"
    fs2 "~0.2.1"
    memoizee "~0.3.8"
    next "0.4"
    optimist "0.3"
    path2 "0.1"
